{
  "name": "indonesia-bods-mapping",
  "version": "0.0.1",
  "lockfileVersion": 1,
  "requires": true,
  "dependencies": {
    "diacritics": {
      "version": "1.3.0",
      "resolved": "https://registry.npmjs.org/diacritics/-/diacritics-1.3.0.tgz",
      "integrity": "sha1-PvqHMj67hj5mls67AILUj/PW96E="
    },
    "i18n-iso-countries": {
      "version": "6.2.2",
      "resolved": "https://registry.npmjs.org/i18n-iso-countries/-/i18n-iso-countries-6.2.2.tgz",
      "integrity": "sha512-sZJeKs5IP93Y+dq/8/NonrEdOudVVuH6BbZVd66edjxVkKVFMtvbM6EkpTbDO3B+d9qFW9XZqdgmGNgNDzciSw==",
      "requires": {
        "diacritics": "1.3.0"
      }
    },
    "nan": {
      "version": "2.14.2",
      "resolved": "https://registry.npmjs.org/nan/-/nan-2.14.2.tgz",
      "integrity": "sha512-M2ufzIiINKCuDfBSAUr1vWQ+vuVcA9kqx8JJUsbQi6yf1uGRyb7HfpdfUr5qLXf3B/t8dPvcjhKMmlfnP47EzQ=="
    },
    "uuid": {
      "version": "8.3.1",
      "resolved": "https://registry.npmjs.org/uuid/-/uuid-8.3.1.tgz",
      "integrity": "sha512-FOmRr+FmWEIG8uhZv6C2bTgEVXsHk08kE7mPlrBbEe+c3r9pjceVPgupIfNIhc4yx55H69OXANrUaSuu9eInKg=="
    },
    "xxhash": {
      "version": "0.3.0",
      "resolved": "https://registry.npmjs.org/xxhash/-/xxhash-0.3.0.tgz",
      "integrity": "sha512-1ud2yyPiR1DJhgyF1ZVMt+Ijrn0VNS/wzej1Z8eSFfkNfRPp8abVZNV2u9tYy9574II0ZayZYZgJm8KJoyGLCw==",
      "requires": {
        "nan": "^2.13.2"
      }
    }
  }
}
